// !$*UTF8*$!
{
	archiveVersion = 1;
	classes = {
	};
	objectVersion = 48;
	objects = {

/* Begin PBXBuildFile section */
		644BE1E6201F009000BD8D72 /* CustomTextField.swift in Sources */ = {isa = PBXBuildFile; fileRef = 644BE1E5201F009000BD8D72 /* CustomTextField.swift */; };
		644BE1E9201F5CF500BD8D72 /* SignUp-Login.swift in Sources */ = {isa = PBXBuildFile; fileRef = 644BE1E8201F5CF500BD8D72 /* SignUp-Login.swift */; };
		644BE1ED201F7F7500BD8D72 /* PopUpViewController.swift in Sources */ = {isa = PBXBuildFile; fileRef = 644BE1EC201F7F7500BD8D72 /* PopUpViewController.swift */; };
		648B75672020000B00900B85 /* DesinableView.swift in Sources */ = {isa = PBXBuildFile; fileRef = 648B75662020000B00900B85 /* DesinableView.swift */; };
		648B75692020148600900B85 /* TextBoxDesign.swift in Sources */ = {isa = PBXBuildFile; fileRef = 648B75682020148600900B85 /* TextBoxDesign.swift */; };
		64C51E31201526A300FE8DD3 /* AppDelegate.swift in Sources */ = {isa = PBXBuildFile; fileRef = 64C51E30201526A300FE8DD3 /* AppDelegate.swift */; };
		64C51E33201526A300FE8DD3 /* SignUploginViewController.swift in Sources */ = {isa = PBXBuildFile; fileRef = 64C51E32201526A300FE8DD3 /* SignUploginViewController.swift */; };
		64C51E36201526A300FE8DD3 /* Main.storyboard in Resources */ = {isa = PBXBuildFile; fileRef = 64C51E34201526A300FE8DD3 /* Main.storyboard */; };
		64C51E39201526A300FE8DD3 /* UrbanBarberTest.xcdatamodeld in Sources */ = {isa = PBXBuildFile; fileRef = 64C51E37201526A300FE8DD3 /* UrbanBarberTest.xcdatamodeld */; };
		64C51E3B201526A300FE8DD3 /* Assets.xcassets in Resources */ = {isa = PBXBuildFile; fileRef = 64C51E3A201526A300FE8DD3 /* Assets.xcassets */; };
		64C51E3E201526A300FE8DD3 /* LaunchScreen.storyboard in Resources */ = {isa = PBXBuildFile; fileRef = 64C51E3C201526A300FE8DD3 /* LaunchScreen.storyboard */; };
		64DE9930201649E8002AC68D /* Bolts.framework in Frameworks */ = {isa = PBXBuildFile; fileRef = 64DE992F201649E8002AC68D /* Bolts.framework */; };
		64DE9932201649FA002AC68D /* FBSDKCoreKit.framework in Frameworks */ = {isa = PBXBuildFile; fileRef = 64DE9931201649FA002AC68D /* FBSDKCoreKit.framework */; };
		64DE993420164A05002AC68D /* FBSDKLoginKit.framework in Frameworks */ = {isa = PBXBuildFile; fileRef = 64DE993320164A05002AC68D /* FBSDKLoginKit.framework */; };
		64DE993620164A14002AC68D /* FBSDKShareKit.framework in Frameworks */ = {isa = PBXBuildFile; fileRef = 64DE993520164A14002AC68D /* FBSDKShareKit.framework */; };
		B7513B37DABBD5C982C06B01 /* Pods_UrbanBarberTest.framework in Frameworks */ = {isa = PBXBuildFile; fileRef = 722E7B94C5621EEA9E27EA13 /* Pods_UrbanBarberTest.framework */; };
/* End PBXBuildFile section */

/* Begin PBXFileReference section */
		644BE1E220169FA100BD8D72 /* UrbanBarberTest-Bridging-Header.h */ = {isa = PBXFileReference; lastKnownFileType = sourcecode.c.h; path = "UrbanBarberTest-Bridging-Header.h"; sourceTree = "<group>"; };
		644BE1E5201F009000BD8D72 /* CustomTextField.swift */ = {isa = PBXFileReference; lastKnownFileType = sourcecode.swift; path = CustomTextField.swift; sourceTree = "<group>"; };
		644BE1E8201F5CF500BD8D72 /* SignUp-Login.swift */ = {isa = PBXFileReference; lastKnownFileType = sourcecode.swift; path = "SignUp-Login.swift"; sourceTree = "<group>"; };
		644BE1EC201F7F7500BD8D72 /* PopUpViewController.swift */ = {isa = PBXFileReference; lastKnownFileType = sourcecode.swift; path = PopUpViewController.swift; sourceTree = "<group>"; };
		648B75662020000B00900B85 /* DesinableView.swift */ = {isa = PBXFileReference; lastKnownFileType = sourcecode.swift; path = DesinableView.swift; sourceTree = "<group>"; };
		648B75682020148600900B85 /* TextBoxDesign.swift */ = {isa = PBXFileReference; lastKnownFileType = sourcecode.swift; path = TextBoxDesign.swift; sourceTree = "<group>"; };
		64C51E2D201526A300FE8DD3 /* UrbanBarberTest.app */ = {isa = PBXFileReference; explicitFileType = wrapper.application; includeInIndex = 0; path = UrbanBarberTest.app; sourceTree = BUILT_PRODUCTS_DIR; };
		64C51E30201526A300FE8DD3 /* AppDelegate.swift */ = {isa = PBXFileReference; lastKnownFileType = sourcecode.swift; path = AppDelegate.swift; sourceTree = "<group>"; };
		64C51E32201526A300FE8DD3 /* SignUploginViewController.swift */ = {isa = PBXFileReference; lastKnownFileType = sourcecode.swift; path = SignUploginViewController.swift; sourceTree = "<group>"; };
		64C51E35201526A300FE8DD3 /* Base */ = {isa = PBXFileReference; lastKnownFileType = file.storyboard; name = Base; path = Base.lproj/Main.storyboard; sourceTree = "<group>"; };
		64C51E38201526A300FE8DD3 /* UrbanBarberTest.xcdatamodel */ = {isa = PBXFileReference; lastKnownFileType = wrapper.xcdatamodel; path = UrbanBarberTest.xcdatamodel; sourceTree = "<group>"; };
		64C51E3A201526A300FE8DD3 /* Assets.xcassets */ = {isa = PBXFileReference; lastKnownFileType = folder.assetcatalog; path = Assets.xcassets; sourceTree = "<group>"; };
		64C51E3D201526A300FE8DD3 /* Base */ = {isa = PBXFileReference; lastKnownFileType = file.storyboard; name = Base; path = Base.lproj/LaunchScreen.storyboard; sourceTree = "<group>"; };
		64C51E3F201526A300FE8DD3 /* Info.plist */ = {isa = PBXFileReference; lastKnownFileType = text.plist.xml; path = Info.plist; sourceTree = "<group>"; };
		64DE992F201649E8002AC68D /* Bolts.framework */ = {isa = PBXFileReference; lastKnownFileType = wrapper.framework; name = Bolts.framework; path = "../../Downloads/FacebookSDKs-iOS-4.29.0/Bolts.framework"; sourceTree = "<group>"; };
		64DE9931201649FA002AC68D /* FBSDKCoreKit.framework */ = {isa = PBXFileReference; lastKnownFileType = wrapper.framework; name = FBSDKCoreKit.framework; path = "../../Downloads/FacebookSDKs-iOS-4.29.0/FBSDKCoreKit.framework"; sourceTree = "<group>"; };
		64DE993320164A05002AC68D /* FBSDKLoginKit.framework */ = {isa = PBXFileReference; lastKnownFileType = wrapper.framework; name = FBSDKLoginKit.framework; path = "../../Downloads/FacebookSDKs-iOS-4.29.0/FBSDKLoginKit.framework"; sourceTree = "<group>"; };
		64DE993520164A14002AC68D /* FBSDKShareKit.framework */ = {isa = PBXFileReference; lastKnownFileType = wrapper.framework; name = FBSDKShareKit.framework; path = "../../Downloads/FacebookSDKs-iOS-4.29.0/FBSDKShareKit.framework"; sourceTree = "<group>"; };
		722E7B94C5621EEA9E27EA13 /* Pods_UrbanBarberTest.framework */ = {isa = PBXFileReference; explicitFileType = wrapper.framework; includeInIndex = 0; path = Pods_UrbanBarberTest.framework; sourceTree = BUILT_PRODUCTS_DIR; };
		9B68E5C47AB5580373FB7FE3 /* Pods-UrbanBarberTest.release.xcconfig */ = {isa = PBXFileReference; includeInIndex = 1; lastKnownFileType = text.xcconfig; name = "Pods-UrbanBarberTest.release.xcconfig"; path = "Pods/Target Support Files/Pods-UrbanBarberTest/Pods-UrbanBarberTest.release.xcconfig"; sourceTree = "<group>"; };
		A3D509AA44E3206BD237088C /* Pods-UrbanBarberTest.debug.xcconfig */ = {isa = PBXFileReference; includeInIndex = 1; lastKnownFileType = text.xcconfig; name = "Pods-UrbanBarberTest.debug.xcconfig"; path = "Pods/Target Support Files/Pods-UrbanBarberTest/Pods-UrbanBarberTest.debug.xcconfig"; sourceTree = "<group>"; };
/* End PBXFileReference section */

/* Begin PBXFrameworksBuildPhase section */
		64C51E2A201526A300FE8DD3 /* Frameworks */ = {
			isa = PBXFrameworksBuildPhase;
			buildActionMask = 2147483647;
			files = (
				64DE993620164A14002AC68D /* FBSDKShareKit.framework in Frameworks */,
				64DE9930201649E8002AC68D /* Bolts.framework in Frameworks */,
				64DE9932201649FA002AC68D /* FBSDKCoreKit.framework in Frameworks */,
				64DE993420164A05002AC68D /* FBSDKLoginKit.framework in Frameworks */,
				B7513B37DABBD5C982C06B01 /* Pods_UrbanBarberTest.framework in Frameworks */,
			);
			runOnlyForDeploymentPostprocessing = 0;
		};
/* End PBXFrameworksBuildPhase section */

/* Begin PBXGroup section */
		211CD4D66DB4A93005B340EB /* Frameworks */ = {
			isa = PBXGroup;
			children = (
				64DE993520164A14002AC68D /* FBSDKShareKit.framework */,
				64DE993320164A05002AC68D /* FBSDKLoginKit.framework */,
				64DE9931201649FA002AC68D /* FBSDKCoreKit.framework */,
				64DE992F201649E8002AC68D /* Bolts.framework */,
				722E7B94C5621EEA9E27EA13 /* Pods_UrbanBarberTest.framework */,
			);
			name = Frameworks;
			sourceTree = "<group>";
		};
		644BE1E7201F5CC000BD8D72 /* Controller */ = {
			isa = PBXGroup;
			children = (
				644BE1E8201F5CF500BD8D72 /* SignUp-Login.swift */,
			);
			path = Controller;
			sourceTree = "<group>";
		};
		644BE1EE201F806D00BD8D72 /* View */ = {
			isa = PBXGroup;
			children = (
				644BE1EC201F7F7500BD8D72 /* PopUpViewController.swift */,
				64C51E32201526A300FE8DD3 /* SignUploginViewController.swift */,
				648B75682020148600900B85 /* TextBoxDesign.swift */,
			);
			path = View;
			sourceTree = "<group>";
		};
		648B7565201FFFDC00900B85 /* IBDesignables */ = {
			isa = PBXGroup;
			children = (
				648B75662020000B00900B85 /* DesinableView.swift */,
			);
			path = IBDesignables;
			sourceTree = "<group>";
		};
		64C51E24201526A200FE8DD3 = {
			isa = PBXGroup;
			children = (
				64C51E2F201526A300FE8DD3 /* UrbanBarberTest */,
				762945FE91DA77B66F6A49CF /* Pods */,
				64C51E2E201526A300FE8DD3 /* Products */,
				211CD4D66DB4A93005B340EB /* Frameworks */,
			);
			sourceTree = "<group>";
		};
		64C51E2E201526A300FE8DD3 /* Products */ = {
			isa = PBXGroup;
			children = (
				64C51E2D201526A300FE8DD3 /* UrbanBarberTest.app */,
			);
			name = Products;
			sourceTree = "<group>";
		};
		64C51E2F201526A300FE8DD3 /* UrbanBarberTest */ = {
			isa = PBXGroup;
			children = (
				648B7565201FFFDC00900B85 /* IBDesignables */,
				644BE1EE201F806D00BD8D72 /* View */,
				644BE1E7201F5CC000BD8D72 /* Controller */,
				64C51E30201526A300FE8DD3 /* AppDelegate.swift */,
				644BE1E220169FA100BD8D72 /* UrbanBarberTest-Bridging-Header.h */,
				644BE1E5201F009000BD8D72 /* CustomTextField.swift */,
				64C51E34201526A300FE8DD3 /* Main.storyboard */,
				64C51E3A201526A300FE8DD3 /* Assets.xcassets */,
				64C51E3C201526A300FE8DD3 /* LaunchScreen.storyboard */,
				64C51E3F201526A300FE8DD3 /* Info.plist */,
				64C51E37201526A300FE8DD3 /* UrbanBarberTest.xcdatamodeld */,
			);
			path = UrbanBarberTest;
			sourceTree = "<group>";
		};
		762945FE91DA77B66F6A49CF /* Pods */ = {
			isa = PBXGroup;
			children = (
				A3D509AA44E3206BD237088C /* Pods-UrbanBarberTest.debug.xcconfig */,
				9B68E5C47AB5580373FB7FE3 /* Pods-UrbanBarberTest.release.xcconfig */,
			);
			name = Pods;
			sourceTree = "<group>";
		};
/* End PBXGroup section */

/* Begin PBXNativeTarget section */
		64C51E2C201526A300FE8DD3 /* UrbanBarberTest */ = {
			isa = PBXNativeTarget;
			buildConfigurationList = 64C51E42201526A300FE8DD3 /* Build configuration list for PBXNativeTarget "UrbanBarberTest" */;
			buildPhases = (
				2265C6E9A2F2FB9BE9706BC3 /* [CP] Check Pods Manifest.lock */,
				64C51E29201526A300FE8DD3 /* Sources */,
				64C51E2A201526A300FE8DD3 /* Frameworks */,
				64C51E2B201526A300FE8DD3 /* Resources */,
				5648F76F2776EF67D27DC39A /* [CP] Embed Pods Frameworks */,
				1E30D05C70D143CF0740FFA8 /* [CP] Copy Pods Resources */,
			);
			buildRules = (
			);
			dependencies = (
			);
			name = UrbanBarberTest;
			productName = UrbanBarberTest;
			productReference = 64C51E2D201526A300FE8DD3 /* UrbanBarberTest.app */;
			productType = "com.apple.product-type.application";
		};
/* End PBXNativeTarget section */

/* Begin PBXProject section */
		64C51E25201526A200FE8DD3 /* Project object */ = {
			isa = PBXProject;
			attributes = {
				LastSwiftUpdateCheck = 0920;
				LastUpgradeCheck = 0920;
				ORGANIZATIONNAME = n28;
				TargetAttributes = {
					64C51E2C201526A300FE8DD3 = {
						CreatedOnToolsVersion = 9.2;
						ProvisioningStyle = Automatic;
					};
				};
			};
			buildConfigurationList = 64C51E28201526A200FE8DD3 /* Build configuration list for PBXProject "UrbanBarberTest" */;
			compatibilityVersion = "Xcode 8.0";
			developmentRegion = en;
			hasScannedForEncodings = 0;
			knownRegions = (
				en,
				Base,
			);
			mainGroup = 64C51E24201526A200FE8DD3;
			productRefGroup = 64C51E2E201526A300FE8DD3 /* Products */;
			projectDirPath = "";
			projectRoot = "";
			targets = (
				64C51E2C201526A300FE8DD3 /* UrbanBarberTest */,
			);
		};
/* End PBXProject section */

/* Begin PBXResourcesBuildPhase section */
		64C51E2B201526A300FE8DD3 /* Resources */ = {
			isa = PBXResourcesBuildPhase;
			buildActionMask = 2147483647;
			files = (
				64C51E3E201526A300FE8DD3 /* LaunchScreen.storyboard in Resources */,
				64C51E3B201526A300FE8DD3 /* Assets.xcassets in Resources */,
				64C51E36201526A300FE8DD3 /* Main.storyboard in Resources */,
			);
			runOnlyForDeploymentPostprocessing = 0;
		};
/* End PBXResourcesBuildPhase section */

/* Begin PBXShellScriptBuildPhase section */
		1E30D05C70D143CF0740FFA8 /* [CP] Copy Pods Resources */ = {
			isa = PBXShellScriptBuildPhase;
			buildActionMask = 2147483647;
			files = (
			);
			inputPaths = (
			);
			name = "[CP] Copy Pods Resources";
			outputPaths = (
			);
			runOnlyForDeploymentPostprocessing = 0;
			shellPath = /bin/sh;
			shellScript = "\"${SRCROOT}/Pods/Target Support Files/Pods-UrbanBarberTest/Pods-UrbanBarberTest-resources.sh\"\n";
			showEnvVarsInLog = 0;
		};
		2265C6E9A2F2FB9BE9706BC3 /* [CP] Check Pods Manifest.lock */ = {
			isa = PBXShellScriptBuildPhase;
			buildActionMask = 2147483647;
			files = (
			);
			inputPaths = (
			);
			name = "[CP] Check Pods Manifest.lock";
			outputPaths = (
			);
			runOnlyForDeploymentPostprocessing = 0;
			shellPath = /bin/sh;
			shellScript = "diff \"${PODS_ROOT}/../Podfile.lock\" \"${PODS_ROOT}/Manifest.lock\" > /dev/null\nif [ $? != 0 ] ; then\n    # print error to STDERR\n    echo \"error: The sandbox is not in sync with the Podfile.lock. Run 'pod install' or update your CocoaPods installation.\" >&2\n    exit 1\nfi\n";
			showEnvVarsInLog = 0;
		};
		5648F76F2776EF67D27DC39A /* [CP] Embed Pods Frameworks */ = {
			isa = PBXShellScriptBuildPhase;
			buildActionMask = 2147483647;
			files = (
			);
			inputPaths = (
			);
			name = "[CP] Embed Pods Frameworks";
			outputPaths = (
			);
			runOnlyForDeploymentPostprocessing = 0;
			shellPath = /bin/sh;
			shellScript = "\"${SRCROOT}/Pods/Target Support Files/Pods-UrbanBarberTest/Pods-UrbanBarberTest-frameworks.sh\"\n";
			showEnvVarsInLog = 0;
		};
/* End PBXShellScriptBuildPhase section */

/* Begin PBXSourcesBuildPhase section */
		64C51E29201526A300FE8DD3 /* Sources */ = {
			isa = PBXSourcesBuildPhase;
			buildActionMask = 2147483647;
			files = (
				644BE1E9201F5CF500BD8D72 /* SignUp-Login.swift in Sources */,
				648B75672020000B00900B85 /* DesinableView.swift in Sources */,
				644BE1ED201F7F7500BD8D72 /* PopUpViewController.swift in Sources */,
				644BE1E6201F009000BD8D72 /* CustomTextField.swift in Sources */,
				64C51E33201526A300FE8DD3 /* SignUploginViewController.swift in Sources */,
				64C51E31201526A300FE8DD3 /* AppDelegate.swift in Sources */,
				648B75692020148600900B85 /* TextBoxDesign.swift in Sources */,
				64C51E39201526A300FE8DD3 /* UrbanBarberTest.xcdatamodeld in Sources */,
			);
			runOnlyForDeploymentPostprocessing = 0;
		};
/* End PBXSourcesBuildPhase section */

/* Begin PBXVariantGroup section */
		64C51E34201526A300FE8DD3 /* Main.storyboard */ = {
			isa = PBXVariantGroup;
			children = (
				64C51E35201526A300FE8DD3 /* Base */,
			);
			name = Main.storyboard;
			sourceTree = "<group>";
		};
		64C51E3C201526A300FE8DD3 /* LaunchScreen.storyboard */ = {
			isa = PBXVariantGroup;
			children = (
				64C51E3D201526A300FE8DD3 /* Base */,
			);
			name = LaunchScreen.storyboard;
			sourceTree = "<group>";
		};
/* End PBXVariantGroup section */

/* Begin XCBuildConfiguration section */
		64C51E40201526A300FE8DD3 /* Debug */ = {
			isa = XCBuildConfiguration;
			buildSettings = {
				ALWAYS_SEARCH_USER_PATHS = NO;
				CLANG_ANALYZER_NONNULL = YES;
				CLANG_ANALYZER_NUMBER_OBJECT_CONVERSION = YES_AGGRESSIVE;
				CLANG_CXX_LANGUAGE_STANDARD = "gnu++14";
				CLANG_CXX_LIBRARY = "libc++";
				CLANG_ENABLE_MODULES = YES;
				CLANG_ENABLE_OBJC_ARC = YES;
				CLANG_WARN_BLOCK_CAPTURE_AUTORELEASING = YES;
				CLANG_WARN_BOOL_CONVERSION = YES;
				CLANG_WARN_COMMA = YES;
				CLANG_WARN_CONSTANT_CONVERSION = YES;
				CLANG_WARN_DIRECT_OBJC_ISA_USAGE = YES_ERROR;
				CLANG_WARN_DOCUMENTATION_COMMENTS = YES;
				CLANG_WARN_EMPTY_BODY = YES;
				CLANG_WARN_ENUM_CONVERSION = YES;
				CLANG_WARN_INFINITE_RECURSION = YES;
				CLANG_WARN_INT_CONVERSION = YES;
				CLANG_WARN_NON_LITERAL_NULL_CONVERSION = YES;
				CLANG_WARN_OBJC_LITERAL_CONVERSION = YES;
				CLANG_WARN_OBJC_ROOT_CLASS = YES_ERROR;
				CLANG_WARN_RANGE_LOOP_ANALYSIS = YES;
				CLANG_WARN_STRICT_PROTOTYPES = YES;
				CLANG_WARN_SUSPICIOUS_MOVE = YES;
				CLANG_WARN_UNGUARDED_AVAILABILITY = YES_AGGRESSIVE;
				CLANG_WARN_UNREACHABLE_CODE = YES;
				CLANG_WARN__DUPLICATE_METHOD_MATCH = YES;
				CODE_SIGN_IDENTITY = "iPhone Developer";
				COPY_PHASE_STRIP = NO;
				DEBUG_INFORMATION_FORMAT = dwarf;
				ENABLE_STRICT_OBJC_MSGSEND = YES;
				ENABLE_TESTABILITY = YES;
				GCC_C_LANGUAGE_STANDARD = gnu11;
				GCC_DYNAMIC_NO_PIC = NO;
				GCC_NO_COMMON_BLOCKS = YES;
				GCC_OPTIMIZATION_LEVEL = 0;
				GCC_PREPROCESSOR_DEFINITIONS = (
					"DEBUG=1",
					"$(inherited)",
				);
				GCC_WARN_64_TO_32_BIT_CONVERSION = YES;
				GCC_WARN_ABOUT_RETURN_TYPE = YES_ERROR;
				GCC_WARN_UNDECLARED_SELECTOR = YES;
				GCC_WARN_UNINITIALIZED_AUTOS = YES_AGGRESSIVE;
				GCC_WARN_UNUSED_FUNCTION = YES;
				GCC_WARN_UNUSED_VARIABLE = YES;
				IPHONEOS_DEPLOYMENT_TARGET = 11.2;
				MTL_ENABLE_DEBUG_INFO = YES;
				ONLY_ACTIVE_ARCH = YES;
				SDKROOT = iphoneos;
				SWIFT_ACTIVE_COMPILATION_CONDITIONS = DEBUG;
				SWIFT_OPTIMIZATION_LEVEL = "-Onone";
			};
			name = Debug;
		};
		64C51E41201526A300FE8DD3 /* Release */ = {
			isa = XCBuildConfiguration;
			buildSettings = {
				ALWAYS_SEARCH_USER_PATHS = NO;
				CLANG_ANALYZER_NONNULL = YES;
				CLANG_ANALYZER_NUMBER_OBJECT_CONVERSION = YES_AGGRESSIVE;
				CLANG_CXX_LANGUAGE_STANDARD = "gnu++14";
				CLANG_CXX_LIBRARY = "libc++";
				CLANG_ENABLE_MODULES = YES;
				CLANG_ENABLE_OBJC_ARC = YES;
				CLANG_WARN_BLOCK_CAPTURE_AUTORELEASING = YES;
				CLANG_WARN_BOOL_CONVERSION = YES;
				CLANG_WARN_COMMA = YES;
				CLANG_WARN_CONSTANT_CONVERSION = YES;
				CLANG_WARN_DIRECT_OBJC_ISA_USAGE = YES_ERROR;
				CLANG_WARN_DOCUMENTATION_COMMENTS = YES;
				CLANG_WARN_EMPTY_BODY = YES;
				CLANG_WARN_ENUM_CONVERSION = YES;
				CLANG_WARN_INFINITE_RECURSION = YES;
				CLANG_WARN_INT_CONVERSION = YES;
				CLANG_WARN_NON_LITERAL_NULL_CONVERSION = YES;
				CLANG_WARN_OBJC_LITERAL_CONVERSION = YES;
				CLANG_WARN_OBJC_ROOT_CLASS = YES_ERROR;
				CLANG_WARN_RANGE_LOOP_ANALYSIS = YES;
				CLANG_WARN_STRICT_PROTOTYPES = YES;
				CLANG_WARN_SUSPICIOUS_MOVE = YES;
				CLANG_WARN_UNGUARDED_AVAILABILITY = YES_AGGRESSIVE;
				CLANG_WARN_UNREACHABLE_CODE = YES;
				CLANG_WARN__DUPLICATE_METHOD_MATCH = YES;
				CODE_SIGN_IDENTITY = "iPhone Developer";
				COPY_PHASE_STRIP = NO;
				DEBUG_INFORMATION_FORMAT = "dwarf-with-dsym";
				ENABLE_NS_ASSERTIONS = NO;
				ENABLE_STRICT_OBJC_MSGSEND = YES;
				GCC_C_LANGUAGE_STANDARD = gnu11;
				GCC_NO_COMMON_BLOCKS = YES;
				GCC_WARN_64_TO_32_BIT_CONVERSION = YES;
				GCC_WARN_ABOUT_RETURN_TYPE = YES_ERROR;
				GCC_WARN_UNDECLARED_SELECTOR = YES;
				GCC_WARN_UNINITIALIZED_AUTOS = YES_AGGRESSIVE;
				GCC_WARN_UNUSED_FUNCTION = YES;
				GCC_WARN_UNUSED_VARIABLE = YES;
				IPHONEOS_DEPLOYMENT_TARGET = 11.2;
				MTL_ENABLE_DEBUG_INFO = NO;
				SDKROOT = iphoneos;
				SWIFT_OPTIMIZATION_LEVEL = "-Owholemodule";
				VALIDATE_PRODUCT = YES;
			};
			name = Release;
		};
		64C51E43201526A300FE8DD3 /* Debug */ = {
			isa = XCBuildConfiguration;
			baseConfigurationReference = A3D509AA44E3206BD237088C /* Pods-UrbanBarberTest.debug.xcconfig */;
			buildSettings = {
				ASSETCATALOG_COMPILER_APPICON_NAME = AppIcon;
				CODE_SIGN_STYLE = Automatic;
				DEVELOPMENT_TEAM = T83G838486;
				FRAMEWORK_SEARCH_PATHS = (
					"$(inherited)",
					"$(PROJECT_DIR)/UrbanBarberTest",
					"$(PROJECT_DIR)",
				);
				INFOPLIST_FILE = UrbanBarberTest/Info.plist;
				IPHONEOS_DEPLOYMENT_TARGET = 11.2;
				LD_RUNPATH_SEARCH_PATHS = "$(inherited) @executable_path/Frameworks";
				PRODUCT_BUNDLE_IDENTIFIER = n28.UrbanBarberTest;
				PRODUCT_NAME = "$(TARGET_NAME)";
				SWIFT_OBJC_BRIDGING_HEADER = "UrbanBarberTest/UrbanBarberTest-Bridging-Header.h";
				SWIFT_VERSION = 4.0;
				TARGETED_DEVICE_FAMILY = "1,2";
			};
			name = Debug;
		};
		64C51E44201526A300FE8DD3 /* Release */ = {
			isa = XCBuildConfiguration;
			baseConfigurationReference = 9B68E5C47AB5580373FB7FE3 /* Pods-UrbanBarberTest.release.xcconfig */;
			buildSettings = {
				ASSETCATALOG_COMPILER_APPICON_NAME = AppIcon;
				CODE_SIGN_STYLE = Automatic;
				DEVELOPMENT_TEAM = T83G838486;
				FRAMEWORK_SEARCH_PATHS = (
					"$(inherited)",
					"$(PROJECT_DIR)/UrbanBarberTest",
					"$(PROJECT_DIR)",
				);
				INFOPLIST_FILE = UrbanBarberTest/Info.plist;
				IPHONEOS_DEPLOYMENT_TARGET = 11.2;
				LD_RUNPATH_SEARCH_PATHS = "$(inherited) @executable_path/Frameworks";
				PRODUCT_BUNDLE_IDENTIFIER = n28.UrbanBarberTest;
				PRODUCT_NAME = "$(TARGET_NAME)";
				SWIFT_OBJC_BRIDGING_HEADER = "UrbanBarberTest/UrbanBarberTest-Bridging-Header.h";
				SWIFT_VERSION = 4.0;
				TARGETED_DEVICE_FAMILY = "1,2";
			};
			name = Release;
		};
/* End XCBuildConfiguration section */

/* Begin XCConfigurationList section */
		64C51E28201526A200FE8DD3 /* Build configuration list for PBXProject "UrbanBarberTest" */ = {
			isa = XCConfigurationList;
			buildConfigurations = (
				64C51E40201526A300FE8DD3 /* Debug */,
				64C51E41201526A300FE8DD3 /* Release */,
			);
			defaultConfigurationIsVisible = 0;
			defaultConfigurationName = Release;
		};
		64C51E42201526A300FE8DD3 /* Build configuration list for PBXNativeTarget "UrbanBarberTest" */ = {
			isa = XCConfigurationList;
			buildConfigurations = (
				64C51E43201526A300FE8DD3 /* Debug */,
				64C51E44201526A300FE8DD3 /* Release */,
			);
			defaultConfigurationIsVisible = 0;
			defaultConfigurationName = Release;
		};
/* End XCConfigurationList section */

/* Begin XCVersionGroup section */
		64C51E37201526A300FE8DD3 /* UrbanBarberTest.xcdatamodeld */ = {
			isa = XCVersionGroup;
			children = (
				64C51E38201526A300FE8DD3 /* UrbanBarberTest.xcdatamodel */,
			);
			currentVersion = 64C51E38201526A300FE8DD3 /* UrbanBarberTest.xcdatamodel */;
			path = UrbanBarberTest.xcdatamodeld;
			sourceTree = "<group>";
			versionGroupType = wrapper.xcdatamodel;
		};
/* End XCVersionGroup section */
	};
	rootObject = 64C51E25201526A200FE8DD3 /* Project object */;
}
